
Microsoft Visual Studio Solution File, Format Version 12.00
# Visual Studio Version 17
VisualStudioVersion = 17.11.35312.102
MinimumVisualStudioVersion = 10.0.40219.1
Project("{FAE04EC0-301F-11D3-BF4B-00C04F79EFBC}") = "Holiday_Identifier", "Holiday_Identifier\Holiday_Identifier.csproj", "{2FB5BAE5-9D5B-4E42-93C3-DD8F45290D48}"
EndProject
Global
	GlobalSection(SolutionConfigurationPlatforms) = preSolution
		Debug|Any CPU = Debug|Any CPU
		Release|Any CPU = Release|Any CPU
	EndGlobalSection
	GlobalSection(ProjectConfigurationPlatforms) = postSolution
		{2FB5BAE5-9D5B-4E42-93C3-DD8F45290D48}.Debug|Any CPU.ActiveCfg = Debug|Any CPU
		{2FB5BAE5-9D5B-4E42-93C3-DD8F45290D48}.Debug|Any CPU.Build.0 = Debug|Any CPU
		{2FB5BAE5-9D5B-4E42-93C3-DD8F45290D48}.Release|Any CPU.ActiveCfg = Release|Any CPU
		{2FB5BAE5-9D5B-4E42-93C3-DD8F45290D48}.Release|Any CPU.Build.0 = Release|Any CPU
	EndGlobalSection
	GlobalSection(SolutionProperties) = preSolution
		HideSolutionNode = FALSE
	EndGlobalSection
	GlobalSection(ExtensibilityGlobals) = postSolution
		SolutionGuid = {2DEE117C-941A-42F9-8843-72F40F5AC4C3}
	EndGlobalSection
EndGlobal
